{
  "requires": true,
  "lockfileVersion": 1,
  "dependencies": {
    "angular-smart-table": {
      "version": "2.1.11",
      "resolved": "https://registry.npmjs.org/angular-smart-table/-/angular-smart-table-2.1.11.tgz",
      "integrity": "sha512-8ZSGygQqVBkpPDzb0382ujK1eOr8fnePXpzq+sUBkUsvRaEgMeY6VoFpWmg106472mD6oMNXIW9+VDQKllXa0w=="
    },
    "nan": {
      "version": "2.10.0",
      "resolved": "https://registry.npmjs.org/nan/-/nan-2.10.0.tgz",
      "integrity": "sha512-bAdJv7fBLhWC+/Bls0Oza+mvTaNQtP+1RyhhhvD95pgUJz6XM5IzgmxOkItJ9tkoCiplvAnXI1tNmmUD/eScyA=="
    },
    "undefined": {
      "version": "0.1.0",
      "resolved": "https://registry.npmjs.org/undefined/-/undefined-0.1.0.tgz",
      "integrity": "sha1-m3BqSzKtMMIMpP5l3cu72sMr3tA="
    }
  }
}
